
Microsoft Visual Studio Solution File, Format Version 12.00
# Visual Studio Version 16
VisualStudioVersion = 16.0.28917.181
MinimumVisualStudioVersion = 10.0.40219.1
Project("{2150E333-8FDC-42A3-9474-1A3956D46DE8}") = "Solution Items", "Solution Items", "{BEA9501C-20ED-4908-8299-1E8888B9D165}"
	ProjectSection(SolutionItems) = preProject
		interface-segregation-principle.md = interface-segregation-principle.md
		liskov-substitution-principle.md = liskov-substitution-principle.md
		open-closed-principle.md = open-closed-principle.md
		single-responsibility-principle.md = single-responsibility-principle.md
	EndProjectSection
EndProject
Global
	GlobalSection(SolutionProperties) = preSolution
		HideSolutionNode = FALSE
	EndGlobalSection
	GlobalSection(ExtensibilityGlobals) = postSolution
		SolutionGuid = {3447944D-4BAB-4B82-B3FF-C74D3E28F6E8}
	EndGlobalSection
EndGlobal
